
Microsoft Visual Studio Solution File, Format Version 12.00
# Visual Studio Version 17
VisualStudioVersion = 17.13.35919.96
MinimumVisualStudioVersion = 10.0.40219.1
Project("{FAE04EC0-301F-11D3-BF4B-00C04F79EFBC}") = "Repaso_Week1_Bootcamp_Csharp", "Repaso_Week1_Bootcamp_Csharp\Repaso_Week1_Bootcamp_Csharp.csproj", "{91C55685-D4ED-4BDD-A307-8A40E4BD8872}"
EndProject
Project("{FAE04EC0-301F-11D3-BF4B-00C04F79EFBC}") = "While_Loops", "While_Loops\While_Loops.csproj", "{703BC6E0-B5E8-4A65-8CB5-20A11C1B4811}"
EndProject
Project("{FAE04EC0-301F-11D3-BF4B-00C04F79EFBC}") = "Week2_Arrays_Onedimension", "Week2_Arrays_Onedimension\Week2_Arrays_Onedimension.csproj", "{D41A19E3-C538-4B53-ACAF-0830031B980A}"
EndProject
Project("{FAE04EC0-301F-11D3-BF4B-00C04F79EFBC}") = "Week2_Array_Multidimensional", "Week2_Array_Multidimensional\Week2_Array_Multidimensional.csproj", "{8C49285C-BFE0-4825-984C-FA683782BBFD}"
EndProject
Project("{FAE04EC0-301F-11D3-BF4B-00C04F79EFBC}") = "Week2_Collections", "Week2_Collections\Week2_Collections.csproj", "{B25183BC-DEF7-44F8-B70D-D52D4C0C4D21}"
EndProject
Project("{FAE04EC0-301F-11D3-BF4B-00C04F79EFBC}") = "Week2_Collections_List", "Week2_Collections_List\Week2_Collections_List.csproj", "{F262DAD2-9A9B-4B26-8514-3C4211B58D9F}"
EndProject
Project("{FAE04EC0-301F-11D3-BF4B-00C04F79EFBC}") = "Week2_Collections_Dictionary", "Week2_Collections_Dictionary\Week2_Collections_Dictionary.csproj", "{17317388-549F-4EC5-B11C-24FD9A2922E2}"
EndProject
Project("{FAE04EC0-301F-11D3-BF4B-00C04F79EFBC}") = "Week2_Collections_HashSet", "Week2_Collections_HashSet\Week2_Collections_HashSet.csproj", "{31FBD327-F123-46E6-961E-E8B94C2CE2F6}"
EndProject
Project("{FAE04EC0-301F-11D3-BF4B-00C04F79EFBC}") = "Week1_Switch_IfElse_Statement", "Week1_Switch_IfElse_Statement\Week1_Switch_IfElse_Statement.csproj", "{A83A8D0B-2C8C-4166-A6A9-14302D5AFE02}"
EndProject
Project("{FAE04EC0-301F-11D3-BF4B-00C04F79EFBC}") = "Repaso_Modulo1", "Repaso_Modulo1\Repaso_Modulo1.csproj", "{FE415397-4832-4D96-9D1E-A3E43CA41320}"
EndProject
Global
	GlobalSection(SolutionConfigurationPlatforms) = preSolution
		Debug|Any CPU = Debug|Any CPU
		Release|Any CPU = Release|Any CPU
	EndGlobalSection
	GlobalSection(ProjectConfigurationPlatforms) = postSolution
		{91C55685-D4ED-4BDD-A307-8A40E4BD8872}.Debug|Any CPU.ActiveCfg = Debug|Any CPU
		{91C55685-D4ED-4BDD-A307-8A40E4BD8872}.Debug|Any CPU.Build.0 = Debug|Any CPU
		{91C55685-D4ED-4BDD-A307-8A40E4BD8872}.Release|Any CPU.ActiveCfg = Release|Any CPU
		{91C55685-D4ED-4BDD-A307-8A40E4BD8872}.Release|Any CPU.Build.0 = Release|Any CPU
		{703BC6E0-B5E8-4A65-8CB5-20A11C1B4811}.Debug|Any CPU.ActiveCfg = Debug|Any CPU
		{703BC6E0-B5E8-4A65-8CB5-20A11C1B4811}.Debug|Any CPU.Build.0 = Debug|Any CPU
		{703BC6E0-B5E8-4A65-8CB5-20A11C1B4811}.Release|Any CPU.ActiveCfg = Release|Any CPU
		{703BC6E0-B5E8-4A65-8CB5-20A11C1B4811}.Release|Any CPU.Build.0 = Release|Any CPU
		{D41A19E3-C538-4B53-ACAF-0830031B980A}.Debug|Any CPU.ActiveCfg = Debug|Any CPU
		{D41A19E3-C538-4B53-ACAF-0830031B980A}.Debug|Any CPU.Build.0 = Debug|Any CPU
		{D41A19E3-C538-4B53-ACAF-0830031B980A}.Release|Any CPU.ActiveCfg = Release|Any CPU
		{D41A19E3-C538-4B53-ACAF-0830031B980A}.Release|Any CPU.Build.0 = Release|Any CPU
		{8C49285C-BFE0-4825-984C-FA683782BBFD}.Debug|Any CPU.ActiveCfg = Debug|Any CPU
		{8C49285C-BFE0-4825-984C-FA683782BBFD}.Debug|Any CPU.Build.0 = Debug|Any CPU
		{8C49285C-BFE0-4825-984C-FA683782BBFD}.Release|Any CPU.ActiveCfg = Release|Any CPU
		{8C49285C-BFE0-4825-984C-FA683782BBFD}.Release|Any CPU.Build.0 = Release|Any CPU
		{B25183BC-DEF7-44F8-B70D-D52D4C0C4D21}.Debug|Any CPU.ActiveCfg = Debug|Any CPU
		{B25183BC-DEF7-44F8-B70D-D52D4C0C4D21}.Debug|Any CPU.Build.0 = Debug|Any CPU
		{B25183BC-DEF7-44F8-B70D-D52D4C0C4D21}.Release|Any CPU.ActiveCfg = Release|Any CPU
		{B25183BC-DEF7-44F8-B70D-D52D4C0C4D21}.Release|Any CPU.Build.0 = Release|Any CPU
		{F262DAD2-9A9B-4B26-8514-3C4211B58D9F}.Debug|Any CPU.ActiveCfg = Debug|Any CPU
		{F262DAD2-9A9B-4B26-8514-3C4211B58D9F}.Debug|Any CPU.Build.0 = Debug|Any CPU
		{F262DAD2-9A9B-4B26-8514-3C4211B58D9F}.Release|Any CPU.ActiveCfg = Release|Any CPU
		{F262DAD2-9A9B-4B26-8514-3C4211B58D9F}.Release|Any CPU.Build.0 = Release|Any CPU
		{17317388-549F-4EC5-B11C-24FD9A2922E2}.Debug|Any CPU.ActiveCfg = Debug|Any CPU
		{17317388-549F-4EC5-B11C-24FD9A2922E2}.Debug|Any CPU.Build.0 = Debug|Any CPU
		{17317388-549F-4EC5-B11C-24FD9A2922E2}.Release|Any CPU.ActiveCfg = Release|Any CPU
		{17317388-549F-4EC5-B11C-24FD9A2922E2}.Release|Any CPU.Build.0 = Release|Any CPU
		{31FBD327-F123-46E6-961E-E8B94C2CE2F6}.Debug|Any CPU.ActiveCfg = Debug|Any CPU
		{31FBD327-F123-46E6-961E-E8B94C2CE2F6}.Debug|Any CPU.Build.0 = Debug|Any CPU
		{31FBD327-F123-46E6-961E-E8B94C2CE2F6}.Release|Any CPU.ActiveCfg = Release|Any CPU
		{31FBD327-F123-46E6-961E-E8B94C2CE2F6}.Release|Any CPU.Build.0 = Release|Any CPU
		{A83A8D0B-2C8C-4166-A6A9-14302D5AFE02}.Debug|Any CPU.ActiveCfg = Debug|Any CPU
		{A83A8D0B-2C8C-4166-A6A9-14302D5AFE02}.Debug|Any CPU.Build.0 = Debug|Any CPU
		{A83A8D0B-2C8C-4166-A6A9-14302D5AFE02}.Release|Any CPU.ActiveCfg = Release|Any CPU
		{A83A8D0B-2C8C-4166-A6A9-14302D5AFE02}.Release|Any CPU.Build.0 = Release|Any CPU
		{FE415397-4832-4D96-9D1E-A3E43CA41320}.Debug|Any CPU.ActiveCfg = Debug|Any CPU
		{FE415397-4832-4D96-9D1E-A3E43CA41320}.Debug|Any CPU.Build.0 = Debug|Any CPU
		{FE415397-4832-4D96-9D1E-A3E43CA41320}.Release|Any CPU.ActiveCfg = Release|Any CPU
		{FE415397-4832-4D96-9D1E-A3E43CA41320}.Release|Any CPU.Build.0 = Release|Any CPU
	EndGlobalSection
	GlobalSection(SolutionProperties) = preSolution
		HideSolutionNode = FALSE
	EndGlobalSection
	GlobalSection(ExtensibilityGlobals) = postSolution
		SolutionGuid = {25A07EDC-5DC7-4246-A588-F895EFA5F5FE}
	EndGlobalSection
EndGlobal
